
Microsoft Visual Studio Solution File, Format Version 12.00
# Visual Studio Version 16
VisualStudioVersion = 16.0.29403.142
MinimumVisualStudioVersion = 10.0.40219.1
Project("{FAE04EC0-301F-11D3-BF4B-00C04F79EFBC}") = "Portfolio.CalendarEvent.Microservice", "Portfolio.CalendarEvent.Microservice.csproj", "{3F4006C7-EA3F-4F33-9EDF-74126B00806A}"
EndProject
Global
	GlobalSection(SolutionConfigurationPlatforms) = preSolution
		Debug|Any CPU = Debug|Any CPU
		Release|Any CPU = Release|Any CPU
	EndGlobalSection
	GlobalSection(ProjectConfigurationPlatforms) = postSolution
		{3F4006C7-EA3F-4F33-9EDF-74126B00806A}.Debug|Any CPU.ActiveCfg = Debug|Any CPU
		{3F4006C7-EA3F-4F33-9EDF-74126B00806A}.Debug|Any CPU.Build.0 = Debug|Any CPU
		{3F4006C7-EA3F-4F33-9EDF-74126B00806A}.Release|Any CPU.ActiveCfg = Release|Any CPU
		{3F4006C7-EA3F-4F33-9EDF-74126B00806A}.Release|Any CPU.Build.0 = Release|Any CPU
	EndGlobalSection
	GlobalSection(SolutionProperties) = preSolution
		HideSolutionNode = FALSE
	EndGlobalSection
	GlobalSection(ExtensibilityGlobals) = postSolution
		SolutionGuid = {A21C2CFB-099C-420B-B63F-8C542A94D366}
	EndGlobalSection
EndGlobal
